// !$*UTF8*$!
{
	archiveVersion = 1;
	classes = {
	};
	objectVersion = 51;
	objects = {

/* Begin PBXBuildFile section */
		03A29227121E65FEB887A728 /* Pods_BuscaCepSwift.framework in Frameworks */ = {isa = PBXBuildFile; fileRef = 2F4F7F3766E2134F510867F0 /* Pods_BuscaCepSwift.framework */; };
		2008384A22ADA0DD00D47CF3 /* ErroCepResponse.swift in Sources */ = {isa = PBXBuildFile; fileRef = 2008384922ADA0DD00D47CF3 /* ErroCepResponse.swift */; };
		2008384C22ADA17400D47CF3 /* SendCepRequest.swift in Sources */ = {isa = PBXBuildFile; fileRef = 2008384B22ADA17400D47CF3 /* SendCepRequest.swift */; };
		2008384E22ADA24F00D47CF3 /* CepInfoBean.swift in Sources */ = {isa = PBXBuildFile; fileRef = 2008384D22ADA24F00D47CF3 /* CepInfoBean.swift */; };
		2008385122ADA2F300D47CF3 /* ServiceParameter.swift in Sources */ = {isa = PBXBuildFile; fileRef = 2008385022ADA2F300D47CF3 /* ServiceParameter.swift */; };
		2008385522ADA37600D47CF3 /* WS.swift in Sources */ = {isa = PBXBuildFile; fileRef = 2008385422ADA37600D47CF3 /* WS.swift */; };
		2008385722ADA3FA00D47CF3 /* ListCEPResponse.swift in Sources */ = {isa = PBXBuildFile; fileRef = 2008385622ADA3FA00D47CF3 /* ListCEPResponse.swift */; };
		20D4C14F22AD96E2005B589C /* AppDelegate.swift in Sources */ = {isa = PBXBuildFile; fileRef = 20D4C14E22AD96E2005B589C /* AppDelegate.swift */; };
		20D4C15122AD96E2005B589C /* ViewController.swift in Sources */ = {isa = PBXBuildFile; fileRef = 20D4C15022AD96E2005B589C /* ViewController.swift */; };
		20D4C15422AD96E2005B589C /* Main.storyboard in Resources */ = {isa = PBXBuildFile; fileRef = 20D4C15222AD96E2005B589C /* Main.storyboard */; };
		20D4C15622AD96E3005B589C /* Assets.xcassets in Resources */ = {isa = PBXBuildFile; fileRef = 20D4C15522AD96E3005B589C /* Assets.xcassets */; };
		20D4C15922AD96E3005B589C /* LaunchScreen.storyboard in Resources */ = {isa = PBXBuildFile; fileRef = 20D4C15722AD96E3005B589C /* LaunchScreen.storyboard */; };
/* End PBXBuildFile section */

/* Begin PBXFileReference section */
		2008384922ADA0DD00D47CF3 /* ErroCepResponse.swift */ = {isa = PBXFileReference; lastKnownFileType = sourcecode.swift; path = ErroCepResponse.swift; sourceTree = "<group>"; };
		2008384B22ADA17400D47CF3 /* SendCepRequest.swift */ = {isa = PBXFileReference; lastKnownFileType = sourcecode.swift; path = SendCepRequest.swift; sourceTree = "<group>"; };
		2008384D22ADA24F00D47CF3 /* CepInfoBean.swift */ = {isa = PBXFileReference; lastKnownFileType = sourcecode.swift; path = CepInfoBean.swift; sourceTree = "<group>"; };
		2008385022ADA2F300D47CF3 /* ServiceParameter.swift */ = {isa = PBXFileReference; lastKnownFileType = sourcecode.swift; path = ServiceParameter.swift; sourceTree = "<group>"; };
		2008385422ADA37600D47CF3 /* WS.swift */ = {isa = PBXFileReference; lastKnownFileType = sourcecode.swift; path = WS.swift; sourceTree = "<group>"; };
		2008385622ADA3FA00D47CF3 /* ListCEPResponse.swift */ = {isa = PBXFileReference; lastKnownFileType = sourcecode.swift; path = ListCEPResponse.swift; sourceTree = "<group>"; };
		20D4C14B22AD96E2005B589C /* BuscaCepSwift.app */ = {isa = PBXFileReference; explicitFileType = wrapper.application; includeInIndex = 0; path = BuscaCepSwift.app; sourceTree = BUILT_PRODUCTS_DIR; };
		20D4C14E22AD96E2005B589C /* AppDelegate.swift */ = {isa = PBXFileReference; lastKnownFileType = sourcecode.swift; path = AppDelegate.swift; sourceTree = "<group>"; };
		20D4C15022AD96E2005B589C /* ViewController.swift */ = {isa = PBXFileReference; lastKnownFileType = sourcecode.swift; path = ViewController.swift; sourceTree = "<group>"; };
		20D4C15322AD96E2005B589C /* Base */ = {isa = PBXFileReference; lastKnownFileType = file.storyboard; name = Base; path = Base.lproj/Main.storyboard; sourceTree = "<group>"; };
		20D4C15522AD96E3005B589C /* Assets.xcassets */ = {isa = PBXFileReference; lastKnownFileType = folder.assetcatalog; path = Assets.xcassets; sourceTree = "<group>"; };
		20D4C15822AD96E3005B589C /* Base */ = {isa = PBXFileReference; lastKnownFileType = file.storyboard; name = Base; path = Base.lproj/LaunchScreen.storyboard; sourceTree = "<group>"; };
		20D4C15A22AD96E3005B589C /* Info.plist */ = {isa = PBXFileReference; lastKnownFileType = text.plist.xml; path = Info.plist; sourceTree = "<group>"; };
		2F4F7F3766E2134F510867F0 /* Pods_BuscaCepSwift.framework */ = {isa = PBXFileReference; explicitFileType = wrapper.framework; includeInIndex = 0; path = Pods_BuscaCepSwift.framework; sourceTree = BUILT_PRODUCTS_DIR; };
		AA1901FB84962CCE5118D9ED /* Pods-BuscaCepSwift.release.xcconfig */ = {isa = PBXFileReference; includeInIndex = 1; lastKnownFileType = text.xcconfig; name = "Pods-BuscaCepSwift.release.xcconfig"; path = "Target Support Files/Pods-BuscaCepSwift/Pods-BuscaCepSwift.release.xcconfig"; sourceTree = "<group>"; };
		D136E745D711BDD0C3C943F1 /* Pods-BuscaCepSwift.debug.xcconfig */ = {isa = PBXFileReference; includeInIndex = 1; lastKnownFileType = text.xcconfig; name = "Pods-BuscaCepSwift.debug.xcconfig"; path = "Target Support Files/Pods-BuscaCepSwift/Pods-BuscaCepSwift.debug.xcconfig"; sourceTree = "<group>"; };
/* End PBXFileReference section */

/* Begin PBXFrameworksBuildPhase section */
		20D4C14822AD96E2005B589C /* Frameworks */ = {
			isa = PBXFrameworksBuildPhase;
			buildActionMask = 2147483647;
			files = (
				03A29227121E65FEB887A728 /* Pods_BuscaCepSwift.framework in Frameworks */,
			);
			runOnlyForDeploymentPostprocessing = 0;
		};
/* End PBXFrameworksBuildPhase section */

/* Begin PBXGroup section */
		2008384122AD9F7C00D47CF3 /* Main */ = {
			isa = PBXGroup;
			children = (
			);
			path = Main;
			sourceTree = "<group>";
		};
		2008384222AD9FB900D47CF3 /* Classes */ = {
			isa = PBXGroup;
			children = (
				2008384322AD9FCC00D47CF3 /* Domain */,
			);
			path = Classes;
			sourceTree = "<group>";
		};
		2008384322AD9FCC00D47CF3 /* Domain */ = {
			isa = PBXGroup;
			children = (
				2008384522ADA00E00D47CF3 /* ViewControllers */,
				2008384422ADA00400D47CF3 /* Models */,
			);
			path = Domain;
			sourceTree = "<group>";
		};
		2008384422ADA00400D47CF3 /* Models */ = {
			isa = PBXGroup;
			children = (
				2008384822ADA07F00D47CF3 /* Beans */,
				2008384722ADA07100D47CF3 /* Request */,
				2008384622ADA06A00D47CF3 /* Response */,
			);
			path = Models;
			sourceTree = "<group>";
		};
		2008384522ADA00E00D47CF3 /* ViewControllers */ = {
			isa = PBXGroup;
			children = (
			);
			path = ViewControllers;
			sourceTree = "<group>";
		};
		2008384622ADA06A00D47CF3 /* Response */ = {
			isa = PBXGroup;
			children = (
				2008384922ADA0DD00D47CF3 /* ErroCepResponse.swift */,
				2008385622ADA3FA00D47CF3 /* ListCEPResponse.swift */,
			);
			path = Response;
			sourceTree = "<group>";
		};
		2008384722ADA07100D47CF3 /* Request */ = {
			isa = PBXGroup;
			children = (
				2008384B22ADA17400D47CF3 /* SendCepRequest.swift */,
			);
			path = Request;
			sourceTree = "<group>";
		};
		2008384822ADA07F00D47CF3 /* Beans */ = {
			isa = PBXGroup;
			children = (
				2008384D22ADA24F00D47CF3 /* CepInfoBean.swift */,
			);
			path = Beans;
			sourceTree = "<group>";
		};
		2008384F22ADA2B800D47CF3 /* WebService */ = {
			isa = PBXGroup;
			children = (
				2008385022ADA2F300D47CF3 /* ServiceParameter.swift */,
				2008385422ADA37600D47CF3 /* WS.swift */,
			);
			path = WebService;
			sourceTree = "<group>";
		};
		20D4C14222AD96E2005B589C = {
			isa = PBXGroup;
			children = (
				20D4C14D22AD96E2005B589C /* BuscaCepSwift */,
				20D4C14C22AD96E2005B589C /* Products */,
				BBC9EF09FECDB27DECC7F650 /* Pods */,
				B21A81526AC06BABD777C1CE /* Frameworks */,
			);
			sourceTree = "<group>";
		};
		20D4C14C22AD96E2005B589C /* Products */ = {
			isa = PBXGroup;
			children = (
				20D4C14B22AD96E2005B589C /* BuscaCepSwift.app */,
			);
			name = Products;
			sourceTree = "<group>";
		};
		20D4C14D22AD96E2005B589C /* BuscaCepSwift */ = {
			isa = PBXGroup;
			children = (
				2008384222AD9FB900D47CF3 /* Classes */,
				2008384F22ADA2B800D47CF3 /* WebService */,
				2008384122AD9F7C00D47CF3 /* Main */,
				20D4C14E22AD96E2005B589C /* AppDelegate.swift */,
				20D4C15022AD96E2005B589C /* ViewController.swift */,
				20D4C15222AD96E2005B589C /* Main.storyboard */,
				20D4C15522AD96E3005B589C /* Assets.xcassets */,
				20D4C15722AD96E3005B589C /* LaunchScreen.storyboard */,
				20D4C15A22AD96E3005B589C /* Info.plist */,
			);
			path = BuscaCepSwift;
			sourceTree = "<group>";
		};
		B21A81526AC06BABD777C1CE /* Frameworks */ = {
			isa = PBXGroup;
			children = (
				2F4F7F3766E2134F510867F0 /* Pods_BuscaCepSwift.framework */,
			);
			name = Frameworks;
			sourceTree = "<group>";
		};
		BBC9EF09FECDB27DECC7F650 /* Pods */ = {
			isa = PBXGroup;
			children = (
				D136E745D711BDD0C3C943F1 /* Pods-BuscaCepSwift.debug.xcconfig */,
				AA1901FB84962CCE5118D9ED /* Pods-BuscaCepSwift.release.xcconfig */,
			);
			path = Pods;
			sourceTree = "<group>";
		};
/* End PBXGroup section */

/* Begin PBXNativeTarget section */
		20D4C14A22AD96E2005B589C /* BuscaCepSwift */ = {
			isa = PBXNativeTarget;
			buildConfigurationList = 20D4C15D22AD96E3005B589C /* Build configuration list for PBXNativeTarget "BuscaCepSwift" */;
			buildPhases = (
				D5FCFA6982DB87CEEDC07ACA /* [CP] Check Pods Manifest.lock */,
				20D4C14722AD96E2005B589C /* Sources */,
				20D4C14822AD96E2005B589C /* Frameworks */,
				20D4C14922AD96E2005B589C /* Resources */,
				ABC047FABF384104442E0775 /* [CP] Embed Pods Frameworks */,
			);
			buildRules = (
			);
			dependencies = (
			);
			name = BuscaCepSwift;
			productName = BuscaCepSwift;
			productReference = 20D4C14B22AD96E2005B589C /* BuscaCepSwift.app */;
			productType = "com.apple.product-type.application";
		};
/* End PBXNativeTarget section */

/* Begin PBXProject section */
		20D4C14322AD96E2005B589C /* Project object */ = {
			isa = PBXProject;
			attributes = {
				LastSwiftUpdateCheck = 1020;
				LastUpgradeCheck = 1020;
				ORGANIZATIONNAME = "Felipe Almeida";
				TargetAttributes = {
					20D4C14A22AD96E2005B589C = {
						CreatedOnToolsVersion = 10.2.1;
					};
				};
			};
			buildConfigurationList = 20D4C14622AD96E2005B589C /* Build configuration list for PBXProject "BuscaCepSwift" */;
			compatibilityVersion = "Xcode 9.3";
			developmentRegion = en;
			hasScannedForEncodings = 0;
			knownRegions = (
				en,
				Base,
			);
			mainGroup = 20D4C14222AD96E2005B589C;
			productRefGroup = 20D4C14C22AD96E2005B589C /* Products */;
			projectDirPath = "";
			projectRoot = "";
			targets = (
				20D4C14A22AD96E2005B589C /* BuscaCepSwift */,
			);
		};
/* End PBXProject section */

/* Begin PBXResourcesBuildPhase section */
		20D4C14922AD96E2005B589C /* Resources */ = {
			isa = PBXResourcesBuildPhase;
			buildActionMask = 2147483647;
			files = (
				20D4C15922AD96E3005B589C /* LaunchScreen.storyboard in Resources */,
				20D4C15622AD96E3005B589C /* Assets.xcassets in Resources */,
				20D4C15422AD96E2005B589C /* Main.storyboard in Resources */,
			);
			runOnlyForDeploymentPostprocessing = 0;
		};
/* End PBXResourcesBuildPhase section */

/* Begin PBXShellScriptBuildPhase section */
		ABC047FABF384104442E0775 /* [CP] Embed Pods Frameworks */ = {
			isa = PBXShellScriptBuildPhase;
			buildActionMask = 2147483647;
			files = (
			);
			inputFileListPaths = (
				"${PODS_ROOT}/Target Support Files/Pods-BuscaCepSwift/Pods-BuscaCepSwift-frameworks-${CONFIGURATION}-input-files.xcfilelist",
			);
			name = "[CP] Embed Pods Frameworks";
			outputFileListPaths = (
				"${PODS_ROOT}/Target Support Files/Pods-BuscaCepSwift/Pods-BuscaCepSwift-frameworks-${CONFIGURATION}-output-files.xcfilelist",
			);
			runOnlyForDeploymentPostprocessing = 0;
			shellPath = /bin/sh;
			shellScript = "\"${PODS_ROOT}/Target Support Files/Pods-BuscaCepSwift/Pods-BuscaCepSwift-frameworks.sh\"\n";
			showEnvVarsInLog = 0;
		};
		D5FCFA6982DB87CEEDC07ACA /* [CP] Check Pods Manifest.lock */ = {
			isa = PBXShellScriptBuildPhase;
			buildActionMask = 2147483647;
			files = (
			);
			inputFileListPaths = (
			);
			inputPaths = (
				"${PODS_PODFILE_DIR_PATH}/Podfile.lock",
				"${PODS_ROOT}/Manifest.lock",
			);
			name = "[CP] Check Pods Manifest.lock";
			outputFileListPaths = (
			);
			outputPaths = (
				"$(DERIVED_FILE_DIR)/Pods-BuscaCepSwift-checkManifestLockResult.txt",
			);
			runOnlyForDeploymentPostprocessing = 0;
			shellPath = /bin/sh;
			shellScript = "diff \"${PODS_PODFILE_DIR_PATH}/Podfile.lock\" \"${PODS_ROOT}/Manifest.lock\" > /dev/null\nif [ $? != 0 ] ; then\n    # print error to STDERR\n    echo \"error: The sandbox is not in sync with the Podfile.lock. Run 'pod install' or update your CocoaPods installation.\" >&2\n    exit 1\nfi\n# This output is used by Xcode 'outputs' to avoid re-running this script phase.\necho \"SUCCESS\" > \"${SCRIPT_OUTPUT_FILE_0}\"\n";
			showEnvVarsInLog = 0;
		};
/* End PBXShellScriptBuildPhase section */

/* Begin PBXSourcesBuildPhase section */
		20D4C14722AD96E2005B589C /* Sources */ = {
			isa = PBXSourcesBuildPhase;
			buildActionMask = 2147483647;
			files = (
				20D4C15122AD96E2005B589C /* ViewController.swift in Sources */,
				2008385122ADA2F300D47CF3 /* ServiceParameter.swift in Sources */,
				20D4C14F22AD96E2005B589C /* AppDelegate.swift in Sources */,
				2008385722ADA3FA00D47CF3 /* ListCEPResponse.swift in Sources */,
				2008384E22ADA24F00D47CF3 /* CepInfoBean.swift in Sources */,
				2008384C22ADA17400D47CF3 /* SendCepRequest.swift in Sources */,
				2008384A22ADA0DD00D47CF3 /* ErroCepResponse.swift in Sources */,
				2008385522ADA37600D47CF3 /* WS.swift in Sources */,
			);
			runOnlyForDeploymentPostprocessing = 0;
		};
/* End PBXSourcesBuildPhase section */

/* Begin PBXVariantGroup section */
		20D4C15222AD96E2005B589C /* Main.storyboard */ = {
			isa = PBXVariantGroup;
			children = (
				20D4C15322AD96E2005B589C /* Base */,
			);
			name = Main.storyboard;
			sourceTree = "<group>";
		};
		20D4C15722AD96E3005B589C /* LaunchScreen.storyboard */ = {
			isa = PBXVariantGroup;
			children = (
				20D4C15822AD96E3005B589C /* Base */,
			);
			name = LaunchScreen.storyboard;
			sourceTree = "<group>";
		};
/* End PBXVariantGroup section */

/* Begin XCBuildConfiguration section */
		20D4C15B22AD96E3005B589C /* Debug */ = {
			isa = XCBuildConfiguration;
			buildSettings = {
				ALWAYS_SEARCH_USER_PATHS = NO;
				CLANG_ANALYZER_NONNULL = YES;
				CLANG_ANALYZER_NUMBER_OBJECT_CONVERSION = YES_AGGRESSIVE;
				CLANG_CXX_LANGUAGE_STANDARD = "gnu++14";
				CLANG_CXX_LIBRARY = "libc++";
				CLANG_ENABLE_MODULES = YES;
				CLANG_ENABLE_OBJC_ARC = YES;
				CLANG_ENABLE_OBJC_WEAK = YES;
				CLANG_WARN_BLOCK_CAPTURE_AUTORELEASING = YES;
				CLANG_WARN_BOOL_CONVERSION = YES;
				CLANG_WARN_COMMA = YES;
				CLANG_WARN_CONSTANT_CONVERSION = YES;
				CLANG_WARN_DEPRECATED_OBJC_IMPLEMENTATIONS = YES;
				CLANG_WARN_DIRECT_OBJC_ISA_USAGE = YES_ERROR;
				CLANG_WARN_DOCUMENTATION_COMMENTS = YES;
				CLANG_WARN_EMPTY_BODY = YES;
				CLANG_WARN_ENUM_CONVERSION = YES;
				CLANG_WARN_INFINITE_RECURSION = YES;
				CLANG_WARN_INT_CONVERSION = YES;
				CLANG_WARN_NON_LITERAL_NULL_CONVERSION = YES;
				CLANG_WARN_OBJC_IMPLICIT_RETAIN_SELF = YES;
				CLANG_WARN_OBJC_LITERAL_CONVERSION = YES;
				CLANG_WARN_OBJC_ROOT_CLASS = YES_ERROR;
				CLANG_WARN_RANGE_LOOP_ANALYSIS = YES;
				CLANG_WARN_STRICT_PROTOTYPES = YES;
				CLANG_WARN_SUSPICIOUS_MOVE = YES;
				CLANG_WARN_UNGUARDED_AVAILABILITY = YES_AGGRESSIVE;
				CLANG_WARN_UNREACHABLE_CODE = YES;
				CLANG_WARN__DUPLICATE_METHOD_MATCH = YES;
				CODE_SIGN_IDENTITY = "iPhone Developer";
				COPY_PHASE_STRIP = NO;
				DEBUG_INFORMATION_FORMAT = dwarf;
				ENABLE_STRICT_OBJC_MSGSEND = YES;
				ENABLE_TESTABILITY = YES;
				GCC_C_LANGUAGE_STANDARD = gnu11;
				GCC_DYNAMIC_NO_PIC = NO;
				GCC_NO_COMMON_BLOCKS = YES;
				GCC_OPTIMIZATION_LEVEL = 0;
				GCC_PREPROCESSOR_DEFINITIONS = (
					"DEBUG=1",
					"$(inherited)",
				);
				GCC_WARN_64_TO_32_BIT_CONVERSION = YES;
				GCC_WARN_ABOUT_RETURN_TYPE = YES_ERROR;
				GCC_WARN_UNDECLARED_SELECTOR = YES;
				GCC_WARN_UNINITIALIZED_AUTOS = YES_AGGRESSIVE;
				GCC_WARN_UNUSED_FUNCTION = YES;
				GCC_WARN_UNUSED_VARIABLE = YES;
				IPHONEOS_DEPLOYMENT_TARGET = 12.2;
				MTL_ENABLE_DEBUG_INFO = INCLUDE_SOURCE;
				MTL_FAST_MATH = YES;
				ONLY_ACTIVE_ARCH = YES;
				SDKROOT = iphoneos;
				SWIFT_ACTIVE_COMPILATION_CONDITIONS = DEBUG;
				SWIFT_OPTIMIZATION_LEVEL = "-Onone";
			};
			name = Debug;
		};
		20D4C15C22AD96E3005B589C /* Release */ = {
			isa = XCBuildConfiguration;
			buildSettings = {
				ALWAYS_SEARCH_USER_PATHS = NO;
				CLANG_ANALYZER_NONNULL = YES;
				CLANG_ANALYZER_NUMBER_OBJECT_CONVERSION = YES_AGGRESSIVE;
				CLANG_CXX_LANGUAGE_STANDARD = "gnu++14";
				CLANG_CXX_LIBRARY = "libc++";
				CLANG_ENABLE_MODULES = YES;
				CLANG_ENABLE_OBJC_ARC = YES;
				CLANG_ENABLE_OBJC_WEAK = YES;
				CLANG_WARN_BLOCK_CAPTURE_AUTORELEASING = YES;
				CLANG_WARN_BOOL_CONVERSION = YES;
				CLANG_WARN_COMMA = YES;
				CLANG_WARN_CONSTANT_CONVERSION = YES;
				CLANG_WARN_DEPRECATED_OBJC_IMPLEMENTATIONS = YES;
				CLANG_WARN_DIRECT_OBJC_ISA_USAGE = YES_ERROR;
				CLANG_WARN_DOCUMENTATION_COMMENTS = YES;
				CLANG_WARN_EMPTY_BODY = YES;
				CLANG_WARN_ENUM_CONVERSION = YES;
				CLANG_WARN_INFINITE_RECURSION = YES;
				CLANG_WARN_INT_CONVERSION = YES;
				CLANG_WARN_NON_LITERAL_NULL_CONVERSION = YES;
				CLANG_WARN_OBJC_IMPLICIT_RETAIN_SELF = YES;
				CLANG_WARN_OBJC_LITERAL_CONVERSION = YES;
				CLANG_WARN_OBJC_ROOT_CLASS = YES_ERROR;
				CLANG_WARN_RANGE_LOOP_ANALYSIS = YES;
				CLANG_WARN_STRICT_PROTOTYPES = YES;
				CLANG_WARN_SUSPICIOUS_MOVE = YES;
				CLANG_WARN_UNGUARDED_AVAILABILITY = YES_AGGRESSIVE;
				CLANG_WARN_UNREACHABLE_CODE = YES;
				CLANG_WARN__DUPLICATE_METHOD_MATCH = YES;
				CODE_SIGN_IDENTITY = "iPhone Developer";
				COPY_PHASE_STRIP = NO;
				DEBUG_INFORMATION_FORMAT = "dwarf-with-dsym";
				ENABLE_NS_ASSERTIONS = NO;
				ENABLE_STRICT_OBJC_MSGSEND = YES;
				GCC_C_LANGUAGE_STANDARD = gnu11;
				GCC_NO_COMMON_BLOCKS = YES;
				GCC_WARN_64_TO_32_BIT_CONVERSION = YES;
				GCC_WARN_ABOUT_RETURN_TYPE = YES_ERROR;
				GCC_WARN_UNDECLARED_SELECTOR = YES;
				GCC_WARN_UNINITIALIZED_AUTOS = YES_AGGRESSIVE;
				GCC_WARN_UNUSED_FUNCTION = YES;
				GCC_WARN_UNUSED_VARIABLE = YES;
				IPHONEOS_DEPLOYMENT_TARGET = 12.2;
				MTL_ENABLE_DEBUG_INFO = NO;
				MTL_FAST_MATH = YES;
				SDKROOT = iphoneos;
				SWIFT_COMPILATION_MODE = wholemodule;
				SWIFT_OPTIMIZATION_LEVEL = "-O";
				VALIDATE_PRODUCT = YES;
			};
			name = Release;
		};
		20D4C15E22AD96E3005B589C /* Debug */ = {
			isa = XCBuildConfiguration;
			baseConfigurationReference = D136E745D711BDD0C3C943F1 /* Pods-BuscaCepSwift.debug.xcconfig */;
			buildSettings = {
				ASSETCATALOG_COMPILER_APPICON_NAME = AppIcon;
				CODE_SIGN_STYLE = Automatic;
				DEVELOPMENT_TEAM = DB27KXR495;
				INFOPLIST_FILE = BuscaCepSwift/Info.plist;
				IPHONEOS_DEPLOYMENT_TARGET = 9.0;
				LD_RUNPATH_SEARCH_PATHS = (
					"$(inherited)",
					"@executable_path/Frameworks",
				);
				PRODUCT_BUNDLE_IDENTIFIER = br.com.felipealmeida.BuscaCepSwift;
				PRODUCT_NAME = "$(TARGET_NAME)";
				SWIFT_VERSION = 5.0;
				TARGETED_DEVICE_FAMILY = "1,2";
			};
			name = Debug;
		};
		20D4C15F22AD96E3005B589C /* Release */ = {
			isa = XCBuildConfiguration;
			baseConfigurationReference = AA1901FB84962CCE5118D9ED /* Pods-BuscaCepSwift.release.xcconfig */;
			buildSettings = {
				ASSETCATALOG_COMPILER_APPICON_NAME = AppIcon;
				CODE_SIGN_STYLE = Automatic;
				DEVELOPMENT_TEAM = DB27KXR495;
				INFOPLIST_FILE = BuscaCepSwift/Info.plist;
				IPHONEOS_DEPLOYMENT_TARGET = 9.0;
				LD_RUNPATH_SEARCH_PATHS = (
					"$(inherited)",
					"@executable_path/Frameworks",
				);
				PRODUCT_BUNDLE_IDENTIFIER = br.com.felipealmeida.BuscaCepSwift;
				PRODUCT_NAME = "$(TARGET_NAME)";
				SWIFT_VERSION = 5.0;
				TARGETED_DEVICE_FAMILY = "1,2";
			};
			name = Release;
		};
/* End XCBuildConfiguration section */

/* Begin XCConfigurationList section */
		20D4C14622AD96E2005B589C /* Build configuration list for PBXProject "BuscaCepSwift" */ = {
			isa = XCConfigurationList;
			buildConfigurations = (
				20D4C15B22AD96E3005B589C /* Debug */,
				20D4C15C22AD96E3005B589C /* Release */,
			);
			defaultConfigurationIsVisible = 0;
			defaultConfigurationName = Release;
		};
		20D4C15D22AD96E3005B589C /* Build configuration list for PBXNativeTarget "BuscaCepSwift" */ = {
			isa = XCConfigurationList;
			buildConfigurations = (
				20D4C15E22AD96E3005B589C /* Debug */,
				20D4C15F22AD96E3005B589C /* Release */,
			);
			defaultConfigurationIsVisible = 0;
			defaultConfigurationName = Release;
		};
/* End XCConfigurationList section */
	};
	rootObject = 20D4C14322AD96E2005B589C /* Project object */;
}
